
Microsoft Visual Studio Solution File, Format Version 12.00
# Visual Studio Version 16
VisualStudioVersion = 16.0.30804.86
MinimumVisualStudioVersion = 10.0.40219.1
Project("{9A19103F-16F7-4668-BE54-9A1E7A4F7556}") = "odev6", "odev6.csproj", "{3E7DE52B-99F8-49A6-9DE1-E2345F3FA89A}"
EndProject
Global
	GlobalSection(SolutionConfigurationPlatforms) = preSolution
		Debug|Any CPU = Debug|Any CPU
		Release|Any CPU = Release|Any CPU
	EndGlobalSection
	GlobalSection(ProjectConfigurationPlatforms) = postSolution
		{3E7DE52B-99F8-49A6-9DE1-E2345F3FA89A}.Debug|Any CPU.ActiveCfg = Debug|Any CPU
		{3E7DE52B-99F8-49A6-9DE1-E2345F3FA89A}.Debug|Any CPU.Build.0 = Debug|Any CPU
		{3E7DE52B-99F8-49A6-9DE1-E2345F3FA89A}.Release|Any CPU.ActiveCfg = Release|Any CPU
		{3E7DE52B-99F8-49A6-9DE1-E2345F3FA89A}.Release|Any CPU.Build.0 = Release|Any CPU
	EndGlobalSection
	GlobalSection(SolutionProperties) = preSolution
		HideSolutionNode = FALSE
	EndGlobalSection
	GlobalSection(ExtensibilityGlobals) = postSolution
		SolutionGuid = {C4A39BF3-A324-4D42-A35D-B75ECFBC8F52}
	EndGlobalSection
EndGlobal
